// !$*UTF8*$!
{
	archiveVersion = 1;
	classes = {
	};
	objectVersion = 56;
	objects = {

/* Begin PBXBuildFile section */
		DCAF315B2AD943F600923E31 /* iOS_News_ExplorerApp.swift in Sources */ = {isa = PBXBuildFile; fileRef = DCAF315A2AD943F600923E31 /* iOS_News_ExplorerApp.swift */; };
		DCAF315D2AD943F600923E31 /* NewsView.swift in Sources */ = {isa = PBXBuildFile; fileRef = DCAF315C2AD943F600923E31 /* NewsView.swift */; };
		DCAF315F2AD943F700923E31 /* Assets.xcassets in Resources */ = {isa = PBXBuildFile; fileRef = DCAF315E2AD943F700923E31 /* Assets.xcassets */; };
		DCAF31622AD943F700923E31 /* Preview Assets.xcassets in Resources */ = {isa = PBXBuildFile; fileRef = DCAF31612AD943F700923E31 /* Preview Assets.xcassets */; };
		DCAF316C2AD9454900923E31 /* DataStruct.swift in Sources */ = {isa = PBXBuildFile; fileRef = DCAF316B2AD9454900923E31 /* DataStruct.swift */; };
		DCAF316E2AD945A800923E31 /* DetailView.swift in Sources */ = {isa = PBXBuildFile; fileRef = DCAF316D2AD945A800923E31 /* DetailView.swift */; };
		DCAF31702AD9464A00923E31 /* NewsViewModel.swift in Sources */ = {isa = PBXBuildFile; fileRef = DCAF316F2AD9464A00923E31 /* NewsViewModel.swift */; };
		DCAF31722AD9466900923E31 /* FiltersButtonModel.swift in Sources */ = {isa = PBXBuildFile; fileRef = DCAF31712AD9466900923E31 /* FiltersButtonModel.swift */; };
		DCAF31762AD976C400923E31 /* LoadingView.swift in Sources */ = {isa = PBXBuildFile; fileRef = DCAF31752AD976C400923E31 /* LoadingView.swift */; };
		DCAF31792AD976F900923E31 /* Alamofire in Frameworks */ = {isa = PBXBuildFile; productRef = DCAF31782AD976F900923E31 /* Alamofire */; };
/* End PBXBuildFile section */

/* Begin PBXFileReference section */
		DCAF31572AD943F600923E31 /* iOS News Explorer.app */ = {isa = PBXFileReference; explicitFileType = wrapper.application; includeInIndex = 0; path = "iOS News Explorer.app"; sourceTree = BUILT_PRODUCTS_DIR; };
		DCAF315A2AD943F600923E31 /* iOS_News_ExplorerApp.swift */ = {isa = PBXFileReference; lastKnownFileType = sourcecode.swift; path = iOS_News_ExplorerApp.swift; sourceTree = "<group>"; };
		DCAF315C2AD943F600923E31 /* NewsView.swift */ = {isa = PBXFileReference; lastKnownFileType = sourcecode.swift; path = NewsView.swift; sourceTree = "<group>"; };
		DCAF315E2AD943F700923E31 /* Assets.xcassets */ = {isa = PBXFileReference; lastKnownFileType = folder.assetcatalog; path = Assets.xcassets; sourceTree = "<group>"; };
		DCAF31612AD943F700923E31 /* Preview Assets.xcassets */ = {isa = PBXFileReference; lastKnownFileType = folder.assetcatalog; path = "Preview Assets.xcassets"; sourceTree = "<group>"; };
		DCAF316B2AD9454900923E31 /* DataStruct.swift */ = {isa = PBXFileReference; lastKnownFileType = sourcecode.swift; path = DataStruct.swift; sourceTree = "<group>"; };
		DCAF316D2AD945A800923E31 /* DetailView.swift */ = {isa = PBXFileReference; lastKnownFileType = sourcecode.swift; path = DetailView.swift; sourceTree = "<group>"; };
		DCAF316F2AD9464A00923E31 /* NewsViewModel.swift */ = {isa = PBXFileReference; lastKnownFileType = sourcecode.swift; path = NewsViewModel.swift; sourceTree = "<group>"; };
		DCAF31712AD9466900923E31 /* FiltersButtonModel.swift */ = {isa = PBXFileReference; lastKnownFileType = sourcecode.swift; path = FiltersButtonModel.swift; sourceTree = "<group>"; };
		DCAF31752AD976C400923E31 /* LoadingView.swift */ = {isa = PBXFileReference; lastKnownFileType = sourcecode.swift; path = LoadingView.swift; sourceTree = "<group>"; };
/* End PBXFileReference section */

/* Begin PBXFrameworksBuildPhase section */
		DCAF31542AD943F600923E31 /* Frameworks */ = {
			isa = PBXFrameworksBuildPhase;
			buildActionMask = 2147483647;
			files = (
				DCAF31792AD976F900923E31 /* Alamofire in Frameworks */,
			);
			runOnlyForDeploymentPostprocessing = 0;
		};
/* End PBXFrameworksBuildPhase section */

/* Begin PBXGroup section */
		DCAF314E2AD943F600923E31 = {
			isa = PBXGroup;
			children = (
				DCAF31592AD943F600923E31 /* iOS News Explorer */,
				DCAF31582AD943F600923E31 /* Products */,
			);
			sourceTree = "<group>";
		};
		DCAF31582AD943F600923E31 /* Products */ = {
			isa = PBXGroup;
			children = (
				DCAF31572AD943F600923E31 /* iOS News Explorer.app */,
			);
			name = Products;
			sourceTree = "<group>";
		};
		DCAF31592AD943F600923E31 /* iOS News Explorer */ = {
			isa = PBXGroup;
			children = (
				DCAF31682AD944FE00923E31 /* Model */,
				DCAF31692AD9450900923E31 /* View */,
				DCAF316A2AD9451200923E31 /* ViewModel */,
				DCAF315A2AD943F600923E31 /* iOS_News_ExplorerApp.swift */,
				DCAF315E2AD943F700923E31 /* Assets.xcassets */,
				DCAF31602AD943F700923E31 /* Preview Content */,
			);
			path = "iOS News Explorer";
			sourceTree = "<group>";
		};
		DCAF31602AD943F700923E31 /* Preview Content */ = {
			isa = PBXGroup;
			children = (
				DCAF31612AD943F700923E31 /* Preview Assets.xcassets */,
			);
			path = "Preview Content";
			sourceTree = "<group>";
		};
		DCAF31682AD944FE00923E31 /* Model */ = {
			isa = PBXGroup;
			children = (
				DCAF316B2AD9454900923E31 /* DataStruct.swift */,
			);
			path = Model;
			sourceTree = "<group>";
		};
		DCAF31692AD9450900923E31 /* View */ = {
			isa = PBXGroup;
			children = (
				DCAF315C2AD943F600923E31 /* NewsView.swift */,
				DCAF316D2AD945A800923E31 /* DetailView.swift */,
				DCAF31752AD976C400923E31 /* LoadingView.swift */,
			);
			path = View;
			sourceTree = "<group>";
		};
		DCAF316A2AD9451200923E31 /* ViewModel */ = {
			isa = PBXGroup;
			children = (
				DCAF316F2AD9464A00923E31 /* NewsViewModel.swift */,
				DCAF31712AD9466900923E31 /* FiltersButtonModel.swift */,
			);
			path = ViewModel;
			sourceTree = "<group>";
		};
/* End PBXGroup section */

/* Begin PBXNativeTarget section */
		DCAF31562AD943F600923E31 /* iOS News Explorer */ = {
			isa = PBXNativeTarget;
			buildConfigurationList = DCAF31652AD943F700923E31 /* Build configuration list for PBXNativeTarget "iOS News Explorer" */;
			buildPhases = (
				DCAF31532AD943F600923E31 /* Sources */,
				DCAF31542AD943F600923E31 /* Frameworks */,
				DCAF31552AD943F600923E31 /* Resources */,
			);
			buildRules = (
			);
			dependencies = (
			);
			name = "iOS News Explorer";
			packageProductDependencies = (
				DCAF31782AD976F900923E31 /* Alamofire */,
			);
			productName = "iOS News Explorer";
			productReference = DCAF31572AD943F600923E31 /* iOS News Explorer.app */;
			productType = "com.apple.product-type.application";
		};
/* End PBXNativeTarget section */

/* Begin PBXProject section */
		DCAF314F2AD943F600923E31 /* Project object */ = {
			isa = PBXProject;
			attributes = {
				BuildIndependentTargetsInParallel = 1;
				LastSwiftUpdateCheck = 1500;
				LastUpgradeCheck = 1500;
				TargetAttributes = {
					DCAF31562AD943F600923E31 = {
						CreatedOnToolsVersion = 15.0;
					};
				};
			};
			buildConfigurationList = DCAF31522AD943F600923E31 /* Build configuration list for PBXProject "iOS News Explorer" */;
			compatibilityVersion = "Xcode 14.0";
			developmentRegion = en;
			hasScannedForEncodings = 0;
			knownRegions = (
				en,
				Base,
			);
			mainGroup = DCAF314E2AD943F600923E31;
			packageReferences = (
				DCAF31772AD976F900923E31 /* XCRemoteSwiftPackageReference "Alamofire" */,
			);
			productRefGroup = DCAF31582AD943F600923E31 /* Products */;
			projectDirPath = "";
			projectRoot = "";
			targets = (
				DCAF31562AD943F600923E31 /* iOS News Explorer */,
			);
		};
/* End PBXProject section */

/* Begin PBXResourcesBuildPhase section */
		DCAF31552AD943F600923E31 /* Resources */ = {
			isa = PBXResourcesBuildPhase;
			buildActionMask = 2147483647;
			files = (
				DCAF31622AD943F700923E31 /* Preview Assets.xcassets in Resources */,
				DCAF315F2AD943F700923E31 /* Assets.xcassets in Resources */,
			);
			runOnlyForDeploymentPostprocessing = 0;
		};
/* End PBXResourcesBuildPhase section */

/* Begin PBXSourcesBuildPhase section */
		DCAF31532AD943F600923E31 /* Sources */ = {
			isa = PBXSourcesBuildPhase;
			buildActionMask = 2147483647;
			files = (
				DCAF315D2AD943F600923E31 /* NewsView.swift in Sources */,
				DCAF316E2AD945A800923E31 /* DetailView.swift in Sources */,
				DCAF31702AD9464A00923E31 /* NewsViewModel.swift in Sources */,
				DCAF31722AD9466900923E31 /* FiltersButtonModel.swift in Sources */,
				DCAF315B2AD943F600923E31 /* iOS_News_ExplorerApp.swift in Sources */,
				DCAF31762AD976C400923E31 /* LoadingView.swift in Sources */,
				DCAF316C2AD9454900923E31 /* DataStruct.swift in Sources */,
			);
			runOnlyForDeploymentPostprocessing = 0;
		};
/* End PBXSourcesBuildPhase section */

/* Begin XCBuildConfiguration section */
		DCAF31632AD943F700923E31 /* Debug */ = {
			isa = XCBuildConfiguration;
			buildSettings = {
				ALWAYS_SEARCH_USER_PATHS = NO;
				ASSETCATALOG_COMPILER_GENERATE_SWIFT_ASSET_SYMBOL_EXTENSIONS = YES;
				CLANG_ANALYZER_NONNULL = YES;
				CLANG_ANALYZER_NUMBER_OBJECT_CONVERSION = YES_AGGRESSIVE;
				CLANG_CXX_LANGUAGE_STANDARD = "gnu++20";
				CLANG_ENABLE_MODULES = YES;
				CLANG_ENABLE_OBJC_ARC = YES;
				CLANG_ENABLE_OBJC_WEAK = YES;
				CLANG_WARN_BLOCK_CAPTURE_AUTORELEASING = YES;
				CLANG_WARN_BOOL_CONVERSION = YES;
				CLANG_WARN_COMMA = YES;
				CLANG_WARN_CONSTANT_CONVERSION = YES;
				CLANG_WARN_DEPRECATED_OBJC_IMPLEMENTATIONS = YES;
				CLANG_WARN_DIRECT_OBJC_ISA_USAGE = YES_ERROR;
				CLANG_WARN_DOCUMENTATION_COMMENTS = YES;
				CLANG_WARN_EMPTY_BODY = YES;
				CLANG_WARN_ENUM_CONVERSION = YES;
				CLANG_WARN_INFINITE_RECURSION = YES;
				CLANG_WARN_INT_CONVERSION = YES;
				CLANG_WARN_NON_LITERAL_NULL_CONVERSION = YES;
				CLANG_WARN_OBJC_IMPLICIT_RETAIN_SELF = YES;
				CLANG_WARN_OBJC_LITERAL_CONVERSION = YES;
				CLANG_WARN_OBJC_ROOT_CLASS = YES_ERROR;
				CLANG_WARN_QUOTED_INCLUDE_IN_FRAMEWORK_HEADER = YES;
				CLANG_WARN_RANGE_LOOP_ANALYSIS = YES;
				CLANG_WARN_STRICT_PROTOTYPES = YES;
				CLANG_WARN_SUSPICIOUS_MOVE = YES;
				CLANG_WARN_UNGUARDED_AVAILABILITY = YES_AGGRESSIVE;
				CLANG_WARN_UNREACHABLE_CODE = YES;
				CLANG_WARN__DUPLICATE_METHOD_MATCH = YES;
				COPY_PHASE_STRIP = NO;
				DEBUG_INFORMATION_FORMAT = dwarf;
				ENABLE_STRICT_OBJC_MSGSEND = YES;
				ENABLE_TESTABILITY = YES;
				ENABLE_USER_SCRIPT_SANDBOXING = YES;
				GCC_C_LANGUAGE_STANDARD = gnu17;
				GCC_DYNAMIC_NO_PIC = NO;
				GCC_NO_COMMON_BLOCKS = YES;
				GCC_OPTIMIZATION_LEVEL = 0;
				GCC_PREPROCESSOR_DEFINITIONS = (
					"DEBUG=1",
					"$(inherited)",
				);
				GCC_WARN_64_TO_32_BIT_CONVERSION = YES;
				GCC_WARN_ABOUT_RETURN_TYPE = YES_ERROR;
				GCC_WARN_UNDECLARED_SELECTOR = YES;
				GCC_WARN_UNINITIALIZED_AUTOS = YES_AGGRESSIVE;
				GCC_WARN_UNUSED_FUNCTION = YES;
				GCC_WARN_UNUSED_VARIABLE = YES;
				IPHONEOS_DEPLOYMENT_TARGET = 15.0;
				LOCALIZATION_PREFERS_STRING_CATALOGS = YES;
				MTL_ENABLE_DEBUG_INFO = INCLUDE_SOURCE;
				MTL_FAST_MATH = YES;
				ONLY_ACTIVE_ARCH = YES;
				SDKROOT = iphoneos;
				SWIFT_ACTIVE_COMPILATION_CONDITIONS = "DEBUG $(inherited)";
				SWIFT_OPTIMIZATION_LEVEL = "-Onone";
			};
			name = Debug;
		};
		DCAF31642AD943F700923E31 /* Release */ = {
			isa = XCBuildConfiguration;
			buildSettings = {
				ALWAYS_SEARCH_USER_PATHS = NO;
				ASSETCATALOG_COMPILER_GENERATE_SWIFT_ASSET_SYMBOL_EXTENSIONS = YES;
				CLANG_ANALYZER_NONNULL = YES;
				CLANG_ANALYZER_NUMBER_OBJECT_CONVERSION = YES_AGGRESSIVE;
				CLANG_CXX_LANGUAGE_STANDARD = "gnu++20";
				CLANG_ENABLE_MODULES = YES;
				CLANG_ENABLE_OBJC_ARC = YES;
				CLANG_ENABLE_OBJC_WEAK = YES;
				CLANG_WARN_BLOCK_CAPTURE_AUTORELEASING = YES;
				CLANG_WARN_BOOL_CONVERSION = YES;
				CLANG_WARN_COMMA = YES;
				CLANG_WARN_CONSTANT_CONVERSION = YES;
				CLANG_WARN_DEPRECATED_OBJC_IMPLEMENTATIONS = YES;
				CLANG_WARN_DIRECT_OBJC_ISA_USAGE = YES_ERROR;
				CLANG_WARN_DOCUMENTATION_COMMENTS = YES;
				CLANG_WARN_EMPTY_BODY = YES;
				CLANG_WARN_ENUM_CONVERSION = YES;
				CLANG_WARN_INFINITE_RECURSION = YES;
				CLANG_WARN_INT_CONVERSION = YES;
				CLANG_WARN_NON_LITERAL_NULL_CONVERSION = YES;
				CLANG_WARN_OBJC_IMPLICIT_RETAIN_SELF = YES;
				CLANG_WARN_OBJC_LITERAL_CONVERSION = YES;
				CLANG_WARN_OBJC_ROOT_CLASS = YES_ERROR;
				CLANG_WARN_QUOTED_INCLUDE_IN_FRAMEWORK_HEADER = YES;
				CLANG_WARN_RANGE_LOOP_ANALYSIS = YES;
				CLANG_WARN_STRICT_PROTOTYPES = YES;
				CLANG_WARN_SUSPICIOUS_MOVE = YES;
				CLANG_WARN_UNGUARDED_AVAILABILITY = YES_AGGRESSIVE;
				CLANG_WARN_UNREACHABLE_CODE = YES;
				CLANG_WARN__DUPLICATE_METHOD_MATCH = YES;
				COPY_PHASE_STRIP = NO;
				DEBUG_INFORMATION_FORMAT = "dwarf-with-dsym";
				ENABLE_NS_ASSERTIONS = NO;
				ENABLE_STRICT_OBJC_MSGSEND = YES;
				ENABLE_USER_SCRIPT_SANDBOXING = YES;
				GCC_C_LANGUAGE_STANDARD = gnu17;
				GCC_NO_COMMON_BLOCKS = YES;
				GCC_WARN_64_TO_32_BIT_CONVERSION = YES;
				GCC_WARN_ABOUT_RETURN_TYPE = YES_ERROR;
				GCC_WARN_UNDECLARED_SELECTOR = YES;
				GCC_WARN_UNINITIALIZED_AUTOS = YES_AGGRESSIVE;
				GCC_WARN_UNUSED_FUNCTION = YES;
				GCC_WARN_UNUSED_VARIABLE = YES;
				IPHONEOS_DEPLOYMENT_TARGET = 15.0;
				LOCALIZATION_PREFERS_STRING_CATALOGS = YES;
				MTL_ENABLE_DEBUG_INFO = NO;
				MTL_FAST_MATH = YES;
				SDKROOT = iphoneos;
				SWIFT_COMPILATION_MODE = wholemodule;
				VALIDATE_PRODUCT = YES;
			};
			name = Release;
		};
		DCAF31662AD943F700923E31 /* Debug */ = {
			isa = XCBuildConfiguration;
			buildSettings = {
				ASSETCATALOG_COMPILER_APPICON_NAME = AppIcon;
				ASSETCATALOG_COMPILER_GLOBAL_ACCENT_COLOR_NAME = AccentColor;
				CODE_SIGN_STYLE = Automatic;
				CURRENT_PROJECT_VERSION = 1;
				DEVELOPMENT_ASSET_PATHS = "\"iOS News Explorer/Preview Content\"";
				ENABLE_PREVIEWS = YES;
				GENERATE_INFOPLIST_FILE = YES;
				INFOPLIST_KEY_UIApplicationSceneManifest_Generation = YES;
				INFOPLIST_KEY_UIApplicationSupportsIndirectInputEvents = YES;
				INFOPLIST_KEY_UILaunchScreen_Generation = YES;
				INFOPLIST_KEY_UISupportedInterfaceOrientations = UIInterfaceOrientationPortrait;
				INFOPLIST_KEY_UISupportedInterfaceOrientations_iPad = "UIInterfaceOrientationLandscapeLeft UIInterfaceOrientationLandscapeRight UIInterfaceOrientationPortrait UIInterfaceOrientationPortraitUpsideDown";
				IPHONEOS_DEPLOYMENT_TARGET = 15.0;
				LD_RUNPATH_SEARCH_PATHS = (
					"$(inherited)",
					"@executable_path/Frameworks",
				);
				MARKETING_VERSION = 1.0;
				PRODUCT_BUNDLE_IDENTIFIER = "newOne.iOS-News-Explorer";
				PRODUCT_NAME = "$(TARGET_NAME)";
				SUPPORTED_PLATFORMS = "iphoneos iphonesimulator";
				SUPPORTS_MACCATALYST = NO;
				SUPPORTS_MAC_DESIGNED_FOR_IPHONE_IPAD = NO;
				SWIFT_EMIT_LOC_STRINGS = YES;
				SWIFT_VERSION = 5.0;
				TARGETED_DEVICE_FAMILY = 1;
			};
			name = Debug;
		};
		DCAF31672AD943F700923E31 /* Release */ = {
			isa = XCBuildConfiguration;
			buildSettings = {
				ASSETCATALOG_COMPILER_APPICON_NAME = AppIcon;
				ASSETCATALOG_COMPILER_GLOBAL_ACCENT_COLOR_NAME = AccentColor;
				CODE_SIGN_STYLE = Automatic;
				CURRENT_PROJECT_VERSION = 1;
				DEVELOPMENT_ASSET_PATHS = "\"iOS News Explorer/Preview Content\"";
				ENABLE_PREVIEWS = YES;
				GENERATE_INFOPLIST_FILE = YES;
				INFOPLIST_KEY_UIApplicationSceneManifest_Generation = YES;
				INFOPLIST_KEY_UIApplicationSupportsIndirectInputEvents = YES;
				INFOPLIST_KEY_UILaunchScreen_Generation = YES;
				INFOPLIST_KEY_UISupportedInterfaceOrientations = UIInterfaceOrientationPortrait;
				INFOPLIST_KEY_UISupportedInterfaceOrientations_iPad = "UIInterfaceOrientationLandscapeLeft UIInterfaceOrientationLandscapeRight UIInterfaceOrientationPortrait UIInterfaceOrientationPortraitUpsideDown";
				IPHONEOS_DEPLOYMENT_TARGET = 15.0;
				LD_RUNPATH_SEARCH_PATHS = (
					"$(inherited)",
					"@executable_path/Frameworks",
				);
				MARKETING_VERSION = 1.0;
				PRODUCT_BUNDLE_IDENTIFIER = "newOne.iOS-News-Explorer";
				PRODUCT_NAME = "$(TARGET_NAME)";
				SUPPORTED_PLATFORMS = "iphoneos iphonesimulator";
				SUPPORTS_MACCATALYST = NO;
				SUPPORTS_MAC_DESIGNED_FOR_IPHONE_IPAD = NO;
				SWIFT_EMIT_LOC_STRINGS = YES;
				SWIFT_VERSION = 5.0;
				TARGETED_DEVICE_FAMILY = 1;
			};
			name = Release;
		};
/* End XCBuildConfiguration section */

/* Begin XCConfigurationList section */
		DCAF31522AD943F600923E31 /* Build configuration list for PBXProject "iOS News Explorer" */ = {
			isa = XCConfigurationList;
			buildConfigurations = (
				DCAF31632AD943F700923E31 /* Debug */,
				DCAF31642AD943F700923E31 /* Release */,
			);
			defaultConfigurationIsVisible = 0;
			defaultConfigurationName = Release;
		};
		DCAF31652AD943F700923E31 /* Build configuration list for PBXNativeTarget "iOS News Explorer" */ = {
			isa = XCConfigurationList;
			buildConfigurations = (
				DCAF31662AD943F700923E31 /* Debug */,
				DCAF31672AD943F700923E31 /* Release */,
			);
			defaultConfigurationIsVisible = 0;
			defaultConfigurationName = Release;
		};
/* End XCConfigurationList section */

/* Begin XCRemoteSwiftPackageReference section */
		DCAF31772AD976F900923E31 /* XCRemoteSwiftPackageReference "Alamofire" */ = {
			isa = XCRemoteSwiftPackageReference;
			repositoryURL = "https://github.com/Alamofire/Alamofire.git";
			requirement = {
				kind = upToNextMajorVersion;
				minimumVersion = 5.8.0;
			};
		};
/* End XCRemoteSwiftPackageReference section */

/* Begin XCSwiftPackageProductDependency section */
		DCAF31782AD976F900923E31 /* Alamofire */ = {
			isa = XCSwiftPackageProductDependency;
			package = DCAF31772AD976F900923E31 /* XCRemoteSwiftPackageReference "Alamofire" */;
			productName = Alamofire;
		};
/* End XCSwiftPackageProductDependency section */
	};
	rootObject = DCAF314F2AD943F600923E31 /* Project object */;
}
